{
  "name": "comp232",
  "lockfileVersion": 3,
  "requires": true,
  "packages": {
    "": {
      "dependencies": {
        "@nepalutils/nepal-geodata": "^1.0.3"
      }
    },
    "node_modules/@nepalutils/nepal-geodata": {
      "version": "1.0.3",
      "resolved": "https://registry.npmjs.org/@nepalutils/nepal-geodata/-/nepal-geodata-1.0.3.tgz",
      "integrity": "sha512-Wy21bkfYgM8vPfTi3CRltSYEE4z5kWmgUGgpzZIK3ZVz13XbczmARKuZhppRkcTUrZcxfclKlczddlLnzWBncg==",
      "license": "ISC"
    }
  }
}
